
Microsoft Visual Studio Solution File, Format Version 12.00
# Visual Studio Version 17
VisualStudioVersion = 17.0.32112.339
MinimumVisualStudioVersion = 10.0.40219.1
Project("{FAE04EC0-301F-11D3-BF4B-00C04F79EFBC}") = "ConsoleApp1", "ConsoleApp1.csproj", "{FFABC300-D315-489F-AF4F-DD33E6123F6C}"
EndProject
Global
	GlobalSection(SolutionConfigurationPlatforms) = preSolution
		Debug|Any CPU = Debug|Any CPU
		Release|Any CPU = Release|Any CPU
	EndGlobalSection
	GlobalSection(ProjectConfigurationPlatforms) = postSolution
		{FFABC300-D315-489F-AF4F-DD33E6123F6C}.Debug|Any CPU.ActiveCfg = Debug|Any CPU
		{FFABC300-D315-489F-AF4F-DD33E6123F6C}.Debug|Any CPU.Build.0 = Debug|Any CPU
		{FFABC300-D315-489F-AF4F-DD33E6123F6C}.Release|Any CPU.ActiveCfg = Release|Any CPU
		{FFABC300-D315-489F-AF4F-DD33E6123F6C}.Release|Any CPU.Build.0 = Release|Any CPU
	EndGlobalSection
	GlobalSection(SolutionProperties) = preSolution
		HideSolutionNode = FALSE
	EndGlobalSection
	GlobalSection(ExtensibilityGlobals) = postSolution
		SolutionGuid = {C1EB8679-B8ED-43A3-91A7-60DBE3226931}
	EndGlobalSection
EndGlobal
