
Microsoft Visual Studio Solution File, Format Version 12.00
# Visual Studio Version 17
VisualStudioVersion = 17.0.32112.339
MinimumVisualStudioVersion = 10.0.40219.1
Project("{9A19103F-16F7-4668-BE54-9A1E7A4F7556}") = "exercicio generic", "generics set dictionary\exercicio generic.csproj", "{1B184A4B-E242-4BA9-AC23-5B8CCEA96B88}"
EndProject
Project("{9A19103F-16F7-4668-BE54-9A1E7A4F7556}") = "Servico Calcular", "Servico Calcular\Servico Calcular.csproj", "{5951391E-9D02-462C-8726-028BB2614C3C}"
EndProject
Project("{FAE04EC0-301F-11D3-BF4B-00C04F79EFBC}") = "hashcode e eguals", "hashcode e eguals\hashcode e eguals.csproj", "{F5ACA939-BABC-4EB0-8BCA-C47F280415BD}"
EndProject
Global
	GlobalSection(SolutionConfigurationPlatforms) = preSolution
		Debug|Any CPU = Debug|Any CPU
		Release|Any CPU = Release|Any CPU
	EndGlobalSection
	GlobalSection(ProjectConfigurationPlatforms) = postSolution
		{1B184A4B-E242-4BA9-AC23-5B8CCEA96B88}.Debug|Any CPU.ActiveCfg = Debug|Any CPU
		{1B184A4B-E242-4BA9-AC23-5B8CCEA96B88}.Debug|Any CPU.Build.0 = Debug|Any CPU
		{1B184A4B-E242-4BA9-AC23-5B8CCEA96B88}.Release|Any CPU.ActiveCfg = Release|Any CPU
		{1B184A4B-E242-4BA9-AC23-5B8CCEA96B88}.Release|Any CPU.Build.0 = Release|Any CPU
		{5951391E-9D02-462C-8726-028BB2614C3C}.Debug|Any CPU.ActiveCfg = Debug|Any CPU
		{5951391E-9D02-462C-8726-028BB2614C3C}.Debug|Any CPU.Build.0 = Debug|Any CPU
		{5951391E-9D02-462C-8726-028BB2614C3C}.Release|Any CPU.ActiveCfg = Release|Any CPU
		{5951391E-9D02-462C-8726-028BB2614C3C}.Release|Any CPU.Build.0 = Release|Any CPU
		{F5ACA939-BABC-4EB0-8BCA-C47F280415BD}.Debug|Any CPU.ActiveCfg = Debug|Any CPU
		{F5ACA939-BABC-4EB0-8BCA-C47F280415BD}.Debug|Any CPU.Build.0 = Debug|Any CPU
		{F5ACA939-BABC-4EB0-8BCA-C47F280415BD}.Release|Any CPU.ActiveCfg = Release|Any CPU
		{F5ACA939-BABC-4EB0-8BCA-C47F280415BD}.Release|Any CPU.Build.0 = Release|Any CPU
	EndGlobalSection
	GlobalSection(SolutionProperties) = preSolution
		HideSolutionNode = FALSE
	EndGlobalSection
	GlobalSection(ExtensibilityGlobals) = postSolution
		SolutionGuid = {D62B1A60-AA28-4899-87A0-4E57457BD4C5}
	EndGlobalSection
EndGlobal
