
Microsoft Visual Studio Solution File, Format Version 12.00
# Visual Studio Version 17
VisualStudioVersion = 17.0.32112.339
MinimumVisualStudioVersion = 10.0.40219.1
Project("{FAE04EC0-301F-11D3-BF4B-00C04F79EFBC}") = "vetores", "vetores.csproj", "{EC7FB7E1-5657-4DEC-AB0A-64723BCC8F48}"
EndProject
Project("{FAE04EC0-301F-11D3-BF4B-00C04F79EFBC}") = "exercicio01", "..\exercicio01\exercicio01.csproj", "{BD74E2F6-E9DA-4B28-8B44-DF69277BCA85}"
EndProject
Global
	GlobalSection(SolutionConfigurationPlatforms) = preSolution
		Debug|Any CPU = Debug|Any CPU
		Release|Any CPU = Release|Any CPU
	EndGlobalSection
	GlobalSection(ProjectConfigurationPlatforms) = postSolution
		{EC7FB7E1-5657-4DEC-AB0A-64723BCC8F48}.Debug|Any CPU.ActiveCfg = Debug|Any CPU
		{EC7FB7E1-5657-4DEC-AB0A-64723BCC8F48}.Debug|Any CPU.Build.0 = Debug|Any CPU
		{EC7FB7E1-5657-4DEC-AB0A-64723BCC8F48}.Release|Any CPU.ActiveCfg = Release|Any CPU
		{EC7FB7E1-5657-4DEC-AB0A-64723BCC8F48}.Release|Any CPU.Build.0 = Release|Any CPU
		{BD74E2F6-E9DA-4B28-8B44-DF69277BCA85}.Debug|Any CPU.ActiveCfg = Debug|Any CPU
		{BD74E2F6-E9DA-4B28-8B44-DF69277BCA85}.Debug|Any CPU.Build.0 = Debug|Any CPU
		{BD74E2F6-E9DA-4B28-8B44-DF69277BCA85}.Release|Any CPU.ActiveCfg = Release|Any CPU
		{BD74E2F6-E9DA-4B28-8B44-DF69277BCA85}.Release|Any CPU.Build.0 = Release|Any CPU
	EndGlobalSection
	GlobalSection(SolutionProperties) = preSolution
		HideSolutionNode = FALSE
	EndGlobalSection
	GlobalSection(ExtensibilityGlobals) = postSolution
		SolutionGuid = {9A634717-E3A7-4914-911D-BA13D40E12F6}
	EndGlobalSection
EndGlobal
